
Microsoft Visual Studio Solution File, Format Version 12.00
# Visual Studio Version 17
VisualStudioVersion = 17.8.34309.116
MinimumVisualStudioVersion = 10.0.40219.1
Project("{FAE04EC0-301F-11D3-BF4B-00C04F79EFBC}") = "CSVSplitter", "CSVSplitter\CSVSplitter.csproj", "{B9810D5A-5C75-4F74-B4C3-D4C28FB60E49}"
EndProject
Global
	GlobalSection(SolutionConfigurationPlatforms) = preSolution
		Debug|Any CPU = Debug|Any CPU
		Release|Any CPU = Release|Any CPU
	EndGlobalSection
	GlobalSection(ProjectConfigurationPlatforms) = postSolution
		{B9810D5A-5C75-4F74-B4C3-D4C28FB60E49}.Debug|Any CPU.ActiveCfg = Debug|Any CPU
		{B9810D5A-5C75-4F74-B4C3-D4C28FB60E49}.Debug|Any CPU.Build.0 = Debug|Any CPU
		{B9810D5A-5C75-4F74-B4C3-D4C28FB60E49}.Release|Any CPU.ActiveCfg = Release|Any CPU
		{B9810D5A-5C75-4F74-B4C3-D4C28FB60E49}.Release|Any CPU.Build.0 = Release|Any CPU
	EndGlobalSection
	GlobalSection(SolutionProperties) = preSolution
		HideSolutionNode = FALSE
	EndGlobalSection
	GlobalSection(ExtensibilityGlobals) = postSolution
		SolutionGuid = {480B6479-42AF-48B7-A1AD-3BAE2BB56876}
	EndGlobalSection
EndGlobal
